
Microsoft Visual Studio Solution File, Format Version 12.00
# Visual Studio Version 17
VisualStudioVersion = 17.4.33103.184
MinimumVisualStudioVersion = 10.0.40219.1
Project("{2150E333-8FDC-42A3-9474-1A3956D46DE8}") = "1 - Services", "1 - Services", "{DD8E2AB1-01CD-459D-BF2B-CDD0A09DCEF1}"
EndProject
Project("{2150E333-8FDC-42A3-9474-1A3956D46DE8}") = "2 - Application", "2 - Application", "{AEE46518-A3E1-4C4E-B11C-D9E50B7AB2E9}"
EndProject
Project("{2150E333-8FDC-42A3-9474-1A3956D46DE8}") = "3 - Domain", "3 - Domain", "{3A0A994C-0071-4E14-8D41-571E069DF81E}"
EndProject
Project("{2150E333-8FDC-42A3-9474-1A3956D46DE8}") = "4 - Infrastructure", "4 - Infrastructure", "{AA4DF1A2-43FA-45DA-8E61-9CBCFCA7C333}"
EndProject
Project("{9A19103F-16F7-4668-BE54-9A1E7A4F7556}") = "RestAPIModeloDDD.application", "RestAPIModeloDDD.application\RestAPIModeloDDD.application.csproj", "{DB83192F-D239-4396-84E0-CC0CAD78F838}"
EndProject
Project("{9A19103F-16F7-4668-BE54-9A1E7A4F7556}") = "RestAPIModeloDDD.Domain", "RestAPIModeloDDD.Domain\RestAPIModeloDDD.Domain.csproj", "{07D49C5F-8436-4C63-93AE-E4C4E43A7543}"
EndProject
Project("{9A19103F-16F7-4668-BE54-9A1E7A4F7556}") = "RestAPIModeloDDD.Domain.Core", "RestAPIModeloDDD.Domain.Core\RestAPIModeloDDD.Domain.Core.csproj", "{11040AE3-8287-4A58-BA27-21DFF2283E85}"
EndProject
Project("{9A19103F-16F7-4668-BE54-9A1E7A4F7556}") = "RestAPIModeloDDD.Domain.Service", "RestAPIModeloDDD.Domain.Service\RestAPIModeloDDD.Domain.Service.csproj", "{1F04F1B6-C17F-4E9F-BC57-61140CB8A763}"
EndProject
Project("{9A19103F-16F7-4668-BE54-9A1E7A4F7556}") = "RestAPIModeloDDD.Infrastructure", "RestAPIModeloDDD.Infrastructure\RestAPIModeloDDD.Infrastructure.csproj", "{686F0EA3-E351-44D9-AF82-5E9E1673D2B2}"
EndProject
Project("{FAE04EC0-301F-11D3-BF4B-00C04F79EFBC}") = "RestAPIModeloDDD.API", "RestAPIModeloDDD.API\RestAPIModeloDDD.API.csproj", "{3D6C6457-C257-4F82-B02C-0C21FF0FD2D7}"
EndProject
Global
	GlobalSection(SolutionConfigurationPlatforms) = preSolution
		Debug|Any CPU = Debug|Any CPU
		Release|Any CPU = Release|Any CPU
	EndGlobalSection
	GlobalSection(ProjectConfigurationPlatforms) = postSolution
		{DB83192F-D239-4396-84E0-CC0CAD78F838}.Debug|Any CPU.ActiveCfg = Debug|Any CPU
		{DB83192F-D239-4396-84E0-CC0CAD78F838}.Debug|Any CPU.Build.0 = Debug|Any CPU
		{DB83192F-D239-4396-84E0-CC0CAD78F838}.Release|Any CPU.ActiveCfg = Release|Any CPU
		{DB83192F-D239-4396-84E0-CC0CAD78F838}.Release|Any CPU.Build.0 = Release|Any CPU
		{07D49C5F-8436-4C63-93AE-E4C4E43A7543}.Debug|Any CPU.ActiveCfg = Debug|Any CPU
		{07D49C5F-8436-4C63-93AE-E4C4E43A7543}.Debug|Any CPU.Build.0 = Debug|Any CPU
		{07D49C5F-8436-4C63-93AE-E4C4E43A7543}.Release|Any CPU.ActiveCfg = Release|Any CPU
		{07D49C5F-8436-4C63-93AE-E4C4E43A7543}.Release|Any CPU.Build.0 = Release|Any CPU
		{11040AE3-8287-4A58-BA27-21DFF2283E85}.Debug|Any CPU.ActiveCfg = Debug|Any CPU
		{11040AE3-8287-4A58-BA27-21DFF2283E85}.Debug|Any CPU.Build.0 = Debug|Any CPU
		{11040AE3-8287-4A58-BA27-21DFF2283E85}.Release|Any CPU.ActiveCfg = Release|Any CPU
		{11040AE3-8287-4A58-BA27-21DFF2283E85}.Release|Any CPU.Build.0 = Release|Any CPU
		{1F04F1B6-C17F-4E9F-BC57-61140CB8A763}.Debug|Any CPU.ActiveCfg = Debug|Any CPU
		{1F04F1B6-C17F-4E9F-BC57-61140CB8A763}.Debug|Any CPU.Build.0 = Debug|Any CPU
		{1F04F1B6-C17F-4E9F-BC57-61140CB8A763}.Release|Any CPU.ActiveCfg = Release|Any CPU
		{1F04F1B6-C17F-4E9F-BC57-61140CB8A763}.Release|Any CPU.Build.0 = Release|Any CPU
		{686F0EA3-E351-44D9-AF82-5E9E1673D2B2}.Debug|Any CPU.ActiveCfg = Debug|Any CPU
		{686F0EA3-E351-44D9-AF82-5E9E1673D2B2}.Debug|Any CPU.Build.0 = Debug|Any CPU
		{686F0EA3-E351-44D9-AF82-5E9E1673D2B2}.Release|Any CPU.ActiveCfg = Release|Any CPU
		{686F0EA3-E351-44D9-AF82-5E9E1673D2B2}.Release|Any CPU.Build.0 = Release|Any CPU
		{3D6C6457-C257-4F82-B02C-0C21FF0FD2D7}.Debug|Any CPU.ActiveCfg = Debug|Any CPU
		{3D6C6457-C257-4F82-B02C-0C21FF0FD2D7}.Debug|Any CPU.Build.0 = Debug|Any CPU
		{3D6C6457-C257-4F82-B02C-0C21FF0FD2D7}.Release|Any CPU.ActiveCfg = Release|Any CPU
		{3D6C6457-C257-4F82-B02C-0C21FF0FD2D7}.Release|Any CPU.Build.0 = Release|Any CPU
	EndGlobalSection
	GlobalSection(SolutionProperties) = preSolution
		HideSolutionNode = FALSE
	EndGlobalSection
	GlobalSection(NestedProjects) = preSolution
		{DB83192F-D239-4396-84E0-CC0CAD78F838} = {AEE46518-A3E1-4C4E-B11C-D9E50B7AB2E9}
		{07D49C5F-8436-4C63-93AE-E4C4E43A7543} = {3A0A994C-0071-4E14-8D41-571E069DF81E}
		{11040AE3-8287-4A58-BA27-21DFF2283E85} = {3A0A994C-0071-4E14-8D41-571E069DF81E}
		{1F04F1B6-C17F-4E9F-BC57-61140CB8A763} = {3A0A994C-0071-4E14-8D41-571E069DF81E}
		{686F0EA3-E351-44D9-AF82-5E9E1673D2B2} = {AA4DF1A2-43FA-45DA-8E61-9CBCFCA7C333}
		{3D6C6457-C257-4F82-B02C-0C21FF0FD2D7} = {DD8E2AB1-01CD-459D-BF2B-CDD0A09DCEF1}
	EndGlobalSection
	GlobalSection(ExtensibilityGlobals) = postSolution
		SolutionGuid = {57A9CA43-1799-416E-8E45-46C245D60D72}
	EndGlobalSection
EndGlobal
